// !$*UTF8*$!
{
	archiveVersion = 1;
	classes = {
	};
	objectVersion = 55;
	objects = {

/* Begin PBXBuildFile section */
		96FC633C28E8D7B300C11070 /* SwiftUI_SecondAppApp.swift in Sources */ = {isa = PBXBuildFile; fileRef = 96FC633B28E8D7B300C11070 /* SwiftUI_SecondAppApp.swift */; };
		96FC633E28E8D7B300C11070 /* ContentView.swift in Sources */ = {isa = PBXBuildFile; fileRef = 96FC633D28E8D7B300C11070 /* ContentView.swift */; };
		96FC634028E8D7BD00C11070 /* Assets.xcassets in Resources */ = {isa = PBXBuildFile; fileRef = 96FC633F28E8D7BD00C11070 /* Assets.xcassets */; };
		96FC634328E8D7BD00C11070 /* Preview Assets.xcassets in Resources */ = {isa = PBXBuildFile; fileRef = 96FC634228E8D7BD00C11070 /* Preview Assets.xcassets */; };
		96FC634B28E8D84400C11070 /* success.m4a in Resources */ = {isa = PBXBuildFile; fileRef = 96FC634928E8D84400C11070 /* success.m4a */; };
		96FC634C28E8D84400C11070 /* chimeup.mp3 in Resources */ = {isa = PBXBuildFile; fileRef = 96FC634A28E8D84400C11070 /* chimeup.mp3 */; };
		96FC635428E8DA3F00C11070 /* OnboardingView.swift in Sources */ = {isa = PBXBuildFile; fileRef = 96FC635328E8DA3F00C11070 /* OnboardingView.swift */; };
		96FC635628E8DA5000C11070 /* HomeView.swift in Sources */ = {isa = PBXBuildFile; fileRef = 96FC635528E8DA5000C11070 /* HomeView.swift */; };
		96FC635828E987D800C11070 /* CircleGroupView.swift in Sources */ = {isa = PBXBuildFile; fileRef = 96FC635728E987D800C11070 /* CircleGroupView.swift */; };
/* End PBXBuildFile section */

/* Begin PBXFileReference section */
		96FC633828E8D7B300C11070 /* SwiftUI-SecondApp.app */ = {isa = PBXFileReference; explicitFileType = wrapper.application; includeInIndex = 0; path = "SwiftUI-SecondApp.app"; sourceTree = BUILT_PRODUCTS_DIR; };
		96FC633B28E8D7B300C11070 /* SwiftUI_SecondAppApp.swift */ = {isa = PBXFileReference; lastKnownFileType = sourcecode.swift; path = SwiftUI_SecondAppApp.swift; sourceTree = "<group>"; };
		96FC633D28E8D7B300C11070 /* ContentView.swift */ = {isa = PBXFileReference; lastKnownFileType = sourcecode.swift; path = ContentView.swift; sourceTree = "<group>"; };
		96FC633F28E8D7BD00C11070 /* Assets.xcassets */ = {isa = PBXFileReference; lastKnownFileType = folder.assetcatalog; path = Assets.xcassets; sourceTree = "<group>"; };
		96FC634228E8D7BD00C11070 /* Preview Assets.xcassets */ = {isa = PBXFileReference; lastKnownFileType = folder.assetcatalog; path = "Preview Assets.xcassets"; sourceTree = "<group>"; };
		96FC634928E8D84400C11070 /* success.m4a */ = {isa = PBXFileReference; lastKnownFileType = file; path = success.m4a; sourceTree = "<group>"; };
		96FC634A28E8D84400C11070 /* chimeup.mp3 */ = {isa = PBXFileReference; lastKnownFileType = audio.mp3; path = chimeup.mp3; sourceTree = "<group>"; };
		96FC635228E8D9DF00C11070 /* Info.plist */ = {isa = PBXFileReference; lastKnownFileType = text.plist; path = Info.plist; sourceTree = "<group>"; };
		96FC635328E8DA3F00C11070 /* OnboardingView.swift */ = {isa = PBXFileReference; lastKnownFileType = sourcecode.swift; path = OnboardingView.swift; sourceTree = "<group>"; };
		96FC635528E8DA5000C11070 /* HomeView.swift */ = {isa = PBXFileReference; lastKnownFileType = sourcecode.swift; path = HomeView.swift; sourceTree = "<group>"; };
		96FC635728E987D800C11070 /* CircleGroupView.swift */ = {isa = PBXFileReference; lastKnownFileType = sourcecode.swift; path = CircleGroupView.swift; sourceTree = "<group>"; };
/* End PBXFileReference section */

/* Begin PBXFrameworksBuildPhase section */
		96FC633528E8D7B300C11070 /* Frameworks */ = {
			isa = PBXFrameworksBuildPhase;
			buildActionMask = 2147483647;
			files = (
			);
			runOnlyForDeploymentPostprocessing = 0;
		};
/* End PBXFrameworksBuildPhase section */

/* Begin PBXGroup section */
		96FC632F28E8D7B300C11070 = {
			isa = PBXGroup;
			children = (
				96FC633A28E8D7B300C11070 /* SwiftUI-SecondApp */,
				96FC633928E8D7B300C11070 /* Products */,
			);
			sourceTree = "<group>";
		};
		96FC633928E8D7B300C11070 /* Products */ = {
			isa = PBXGroup;
			children = (
				96FC633828E8D7B300C11070 /* SwiftUI-SecondApp.app */,
			);
			name = Products;
			sourceTree = "<group>";
		};
		96FC633A28E8D7B300C11070 /* SwiftUI-SecondApp */ = {
			isa = PBXGroup;
			children = (
				96FC635228E8D9DF00C11070 /* Info.plist */,
				96FC635128E8D95E00C11070 /* Utilities */,
				96FC635028E8D95900C11070 /* Views */,
				96FC634E28E8D86000C11070 /* Sound */,
				96FC633B28E8D7B300C11070 /* SwiftUI_SecondAppApp.swift */,
				96FC634F28E8D94B00C11070 /* Screens */,
				96FC633F28E8D7BD00C11070 /* Assets.xcassets */,
				96FC634128E8D7BD00C11070 /* Preview Content */,
			);
			path = "SwiftUI-SecondApp";
			sourceTree = "<group>";
		};
		96FC634128E8D7BD00C11070 /* Preview Content */ = {
			isa = PBXGroup;
			children = (
				96FC634228E8D7BD00C11070 /* Preview Assets.xcassets */,
			);
			path = "Preview Content";
			sourceTree = "<group>";
		};
		96FC634E28E8D86000C11070 /* Sound */ = {
			isa = PBXGroup;
			children = (
				96FC634A28E8D84400C11070 /* chimeup.mp3 */,
				96FC634928E8D84400C11070 /* success.m4a */,
			);
			path = Sound;
			sourceTree = "<group>";
		};
		96FC634F28E8D94B00C11070 /* Screens */ = {
			isa = PBXGroup;
			children = (
				96FC633D28E8D7B300C11070 /* ContentView.swift */,
				96FC635328E8DA3F00C11070 /* OnboardingView.swift */,
				96FC635528E8DA5000C11070 /* HomeView.swift */,
			);
			path = Screens;
			sourceTree = "<group>";
		};
		96FC635028E8D95900C11070 /* Views */ = {
			isa = PBXGroup;
			children = (
				96FC635728E987D800C11070 /* CircleGroupView.swift */,
			);
			path = Views;
			sourceTree = "<group>";
		};
		96FC635128E8D95E00C11070 /* Utilities */ = {
			isa = PBXGroup;
			children = (
			);
			path = Utilities;
			sourceTree = "<group>";
		};
/* End PBXGroup section */

/* Begin PBXNativeTarget section */
		96FC633728E8D7B300C11070 /* SwiftUI-SecondApp */ = {
			isa = PBXNativeTarget;
			buildConfigurationList = 96FC634628E8D7BD00C11070 /* Build configuration list for PBXNativeTarget "SwiftUI-SecondApp" */;
			buildPhases = (
				96FC633428E8D7B300C11070 /* Sources */,
				96FC633528E8D7B300C11070 /* Frameworks */,
				96FC633628E8D7B300C11070 /* Resources */,
			);
			buildRules = (
			);
			dependencies = (
			);
			name = "SwiftUI-SecondApp";
			productName = "SwiftUI-SecondApp";
			productReference = 96FC633828E8D7B300C11070 /* SwiftUI-SecondApp.app */;
			productType = "com.apple.product-type.application";
		};
/* End PBXNativeTarget section */

/* Begin PBXProject section */
		96FC633028E8D7B300C11070 /* Project object */ = {
			isa = PBXProject;
			attributes = {
				BuildIndependentTargetsInParallel = 1;
				LastSwiftUpdateCheck = 1320;
				LastUpgradeCheck = 1320;
				TargetAttributes = {
					96FC633728E8D7B300C11070 = {
						CreatedOnToolsVersion = 13.2.1;
					};
				};
			};
			buildConfigurationList = 96FC633328E8D7B300C11070 /* Build configuration list for PBXProject "SwiftUI-SecondApp" */;
			compatibilityVersion = "Xcode 13.0";
			developmentRegion = en;
			hasScannedForEncodings = 0;
			knownRegions = (
				en,
				Base,
			);
			mainGroup = 96FC632F28E8D7B300C11070;
			productRefGroup = 96FC633928E8D7B300C11070 /* Products */;
			projectDirPath = "";
			projectRoot = "";
			targets = (
				96FC633728E8D7B300C11070 /* SwiftUI-SecondApp */,
			);
		};
/* End PBXProject section */

/* Begin PBXResourcesBuildPhase section */
		96FC633628E8D7B300C11070 /* Resources */ = {
			isa = PBXResourcesBuildPhase;
			buildActionMask = 2147483647;
			files = (
				96FC634C28E8D84400C11070 /* chimeup.mp3 in Resources */,
				96FC634328E8D7BD00C11070 /* Preview Assets.xcassets in Resources */,
				96FC634B28E8D84400C11070 /* success.m4a in Resources */,
				96FC634028E8D7BD00C11070 /* Assets.xcassets in Resources */,
			);
			runOnlyForDeploymentPostprocessing = 0;
		};
/* End PBXResourcesBuildPhase section */

/* Begin PBXSourcesBuildPhase section */
		96FC633428E8D7B300C11070 /* Sources */ = {
			isa = PBXSourcesBuildPhase;
			buildActionMask = 2147483647;
			files = (
				96FC635828E987D800C11070 /* CircleGroupView.swift in Sources */,
				96FC635428E8DA3F00C11070 /* OnboardingView.swift in Sources */,
				96FC635628E8DA5000C11070 /* HomeView.swift in Sources */,
				96FC633E28E8D7B300C11070 /* ContentView.swift in Sources */,
				96FC633C28E8D7B300C11070 /* SwiftUI_SecondAppApp.swift in Sources */,
			);
			runOnlyForDeploymentPostprocessing = 0;
		};
/* End PBXSourcesBuildPhase section */

/* Begin XCBuildConfiguration section */
		96FC634428E8D7BD00C11070 /* Debug */ = {
			isa = XCBuildConfiguration;
			buildSettings = {
				ALWAYS_SEARCH_USER_PATHS = NO;
				CLANG_ANALYZER_NONNULL = YES;
				CLANG_ANALYZER_NUMBER_OBJECT_CONVERSION = YES_AGGRESSIVE;
				CLANG_CXX_LANGUAGE_STANDARD = "gnu++17";
				CLANG_CXX_LIBRARY = "libc++";
				CLANG_ENABLE_MODULES = YES;
				CLANG_ENABLE_OBJC_ARC = YES;
				CLANG_ENABLE_OBJC_WEAK = YES;
				CLANG_WARN_BLOCK_CAPTURE_AUTORELEASING = YES;
				CLANG_WARN_BOOL_CONVERSION = YES;
				CLANG_WARN_COMMA = YES;
				CLANG_WARN_CONSTANT_CONVERSION = YES;
				CLANG_WARN_DEPRECATED_OBJC_IMPLEMENTATIONS = YES;
				CLANG_WARN_DIRECT_OBJC_ISA_USAGE = YES_ERROR;
				CLANG_WARN_DOCUMENTATION_COMMENTS = YES;
				CLANG_WARN_EMPTY_BODY = YES;
				CLANG_WARN_ENUM_CONVERSION = YES;
				CLANG_WARN_INFINITE_RECURSION = YES;
				CLANG_WARN_INT_CONVERSION = YES;
				CLANG_WARN_NON_LITERAL_NULL_CONVERSION = YES;
				CLANG_WARN_OBJC_IMPLICIT_RETAIN_SELF = YES;
				CLANG_WARN_OBJC_LITERAL_CONVERSION = YES;
				CLANG_WARN_OBJC_ROOT_CLASS = YES_ERROR;
				CLANG_WARN_QUOTED_INCLUDE_IN_FRAMEWORK_HEADER = YES;
				CLANG_WARN_RANGE_LOOP_ANALYSIS = YES;
				CLANG_WARN_STRICT_PROTOTYPES = YES;
				CLANG_WARN_SUSPICIOUS_MOVE = YES;
				CLANG_WARN_UNGUARDED_AVAILABILITY = YES_AGGRESSIVE;
				CLANG_WARN_UNREACHABLE_CODE = YES;
				CLANG_WARN__DUPLICATE_METHOD_MATCH = YES;
				COPY_PHASE_STRIP = NO;
				DEBUG_INFORMATION_FORMAT = dwarf;
				ENABLE_STRICT_OBJC_MSGSEND = YES;
				ENABLE_TESTABILITY = YES;
				GCC_C_LANGUAGE_STANDARD = gnu11;
				GCC_DYNAMIC_NO_PIC = NO;
				GCC_NO_COMMON_BLOCKS = YES;
				GCC_OPTIMIZATION_LEVEL = 0;
				GCC_PREPROCESSOR_DEFINITIONS = (
					"DEBUG=1",
					"$(inherited)",
				);
				GCC_WARN_64_TO_32_BIT_CONVERSION = YES;
				GCC_WARN_ABOUT_RETURN_TYPE = YES_ERROR;
				GCC_WARN_UNDECLARED_SELECTOR = YES;
				GCC_WARN_UNINITIALIZED_AUTOS = YES_AGGRESSIVE;
				GCC_WARN_UNUSED_FUNCTION = YES;
				GCC_WARN_UNUSED_VARIABLE = YES;
				IPHONEOS_DEPLOYMENT_TARGET = 15.2;
				MTL_ENABLE_DEBUG_INFO = INCLUDE_SOURCE;
				MTL_FAST_MATH = YES;
				ONLY_ACTIVE_ARCH = YES;
				SDKROOT = iphoneos;
				SWIFT_ACTIVE_COMPILATION_CONDITIONS = DEBUG;
				SWIFT_OPTIMIZATION_LEVEL = "-Onone";
			};
			name = Debug;
		};
		96FC634528E8D7BD00C11070 /* Release */ = {
			isa = XCBuildConfiguration;
			buildSettings = {
				ALWAYS_SEARCH_USER_PATHS = NO;
				CLANG_ANALYZER_NONNULL = YES;
				CLANG_ANALYZER_NUMBER_OBJECT_CONVERSION = YES_AGGRESSIVE;
				CLANG_CXX_LANGUAGE_STANDARD = "gnu++17";
				CLANG_CXX_LIBRARY = "libc++";
				CLANG_ENABLE_MODULES = YES;
				CLANG_ENABLE_OBJC_ARC = YES;
				CLANG_ENABLE_OBJC_WEAK = YES;
				CLANG_WARN_BLOCK_CAPTURE_AUTORELEASING = YES;
				CLANG_WARN_BOOL_CONVERSION = YES;
				CLANG_WARN_COMMA = YES;
				CLANG_WARN_CONSTANT_CONVERSION = YES;
				CLANG_WARN_DEPRECATED_OBJC_IMPLEMENTATIONS = YES;
				CLANG_WARN_DIRECT_OBJC_ISA_USAGE = YES_ERROR;
				CLANG_WARN_DOCUMENTATION_COMMENTS = YES;
				CLANG_WARN_EMPTY_BODY = YES;
				CLANG_WARN_ENUM_CONVERSION = YES;
				CLANG_WARN_INFINITE_RECURSION = YES;
				CLANG_WARN_INT_CONVERSION = YES;
				CLANG_WARN_NON_LITERAL_NULL_CONVERSION = YES;
				CLANG_WARN_OBJC_IMPLICIT_RETAIN_SELF = YES;
				CLANG_WARN_OBJC_LITERAL_CONVERSION = YES;
				CLANG_WARN_OBJC_ROOT_CLASS = YES_ERROR;
				CLANG_WARN_QUOTED_INCLUDE_IN_FRAMEWORK_HEADER = YES;
				CLANG_WARN_RANGE_LOOP_ANALYSIS = YES;
				CLANG_WARN_STRICT_PROTOTYPES = YES;
				CLANG_WARN_SUSPICIOUS_MOVE = YES;
				CLANG_WARN_UNGUARDED_AVAILABILITY = YES_AGGRESSIVE;
				CLANG_WARN_UNREACHABLE_CODE = YES;
				CLANG_WARN__DUPLICATE_METHOD_MATCH = YES;
				COPY_PHASE_STRIP = NO;
				DEBUG_INFORMATION_FORMAT = "dwarf-with-dsym";
				ENABLE_NS_ASSERTIONS = NO;
				ENABLE_STRICT_OBJC_MSGSEND = YES;
				GCC_C_LANGUAGE_STANDARD = gnu11;
				GCC_NO_COMMON_BLOCKS = YES;
				GCC_WARN_64_TO_32_BIT_CONVERSION = YES;
				GCC_WARN_ABOUT_RETURN_TYPE = YES_ERROR;
				GCC_WARN_UNDECLARED_SELECTOR = YES;
				GCC_WARN_UNINITIALIZED_AUTOS = YES_AGGRESSIVE;
				GCC_WARN_UNUSED_FUNCTION = YES;
				GCC_WARN_UNUSED_VARIABLE = YES;
				IPHONEOS_DEPLOYMENT_TARGET = 15.2;
				MTL_ENABLE_DEBUG_INFO = NO;
				MTL_FAST_MATH = YES;
				SDKROOT = iphoneos;
				SWIFT_COMPILATION_MODE = wholemodule;
				SWIFT_OPTIMIZATION_LEVEL = "-O";
				VALIDATE_PRODUCT = YES;
			};
			name = Release;
		};
		96FC634728E8D7BD00C11070 /* Debug */ = {
			isa = XCBuildConfiguration;
			buildSettings = {
				ASSETCATALOG_COMPILER_APPICON_NAME = AppIcon;
				ASSETCATALOG_COMPILER_GLOBAL_ACCENT_COLOR_NAME = AccentColor;
				CODE_SIGN_STYLE = Automatic;
				CURRENT_PROJECT_VERSION = 1;
				DEVELOPMENT_ASSET_PATHS = "\"SwiftUI-SecondApp/Preview Content\"";
				DEVELOPMENT_TEAM = 3MC34ZDCPY;
				ENABLE_PREVIEWS = YES;
				GENERATE_INFOPLIST_FILE = YES;
				INFOPLIST_FILE = "SwiftUI-SecondApp/Info.plist";
				INFOPLIST_KEY_UIApplicationSceneManifest_Generation = YES;
				INFOPLIST_KEY_UIApplicationSupportsIndirectInputEvents = YES;
				INFOPLIST_KEY_UISupportedInterfaceOrientations = UIInterfaceOrientationPortrait;
				INFOPLIST_KEY_UISupportedInterfaceOrientations_iPad = "UIInterfaceOrientationPortrait UIInterfaceOrientationPortraitUpsideDown UIInterfaceOrientationLandscapeLeft UIInterfaceOrientationLandscapeRight";
				INFOPLIST_KEY_UISupportedInterfaceOrientations_iPhone = UIInterfaceOrientationPortrait;
				IPHONEOS_DEPLOYMENT_TARGET = 15.0;
				LD_RUNPATH_SEARCH_PATHS = (
					"$(inherited)",
					"@executable_path/Frameworks",
				);
				MARKETING_VERSION = 1.0;
				PRODUCT_BUNDLE_IDENTIFIER = "com.glabstudio.SwiftUI-SecondApp";
				PRODUCT_NAME = "$(TARGET_NAME)";
				SWIFT_EMIT_LOC_STRINGS = YES;
				SWIFT_VERSION = 5.0;
				TARGETED_DEVICE_FAMILY = "1,2";
			};
			name = Debug;
		};
		96FC634828E8D7BD00C11070 /* Release */ = {
			isa = XCBuildConfiguration;
			buildSettings = {
				ASSETCATALOG_COMPILER_APPICON_NAME = AppIcon;
				ASSETCATALOG_COMPILER_GLOBAL_ACCENT_COLOR_NAME = AccentColor;
				CODE_SIGN_STYLE = Automatic;
				CURRENT_PROJECT_VERSION = 1;
				DEVELOPMENT_ASSET_PATHS = "\"SwiftUI-SecondApp/Preview Content\"";
				DEVELOPMENT_TEAM = 3MC34ZDCPY;
				ENABLE_PREVIEWS = YES;
				GENERATE_INFOPLIST_FILE = YES;
				INFOPLIST_FILE = "SwiftUI-SecondApp/Info.plist";
				INFOPLIST_KEY_UIApplicationSceneManifest_Generation = YES;
				INFOPLIST_KEY_UIApplicationSupportsIndirectInputEvents = YES;
				INFOPLIST_KEY_UISupportedInterfaceOrientations = UIInterfaceOrientationPortrait;
				INFOPLIST_KEY_UISupportedInterfaceOrientations_iPad = "UIInterfaceOrientationPortrait UIInterfaceOrientationPortraitUpsideDown UIInterfaceOrientationLandscapeLeft UIInterfaceOrientationLandscapeRight";
				INFOPLIST_KEY_UISupportedInterfaceOrientations_iPhone = UIInterfaceOrientationPortrait;
				IPHONEOS_DEPLOYMENT_TARGET = 15.0;
				LD_RUNPATH_SEARCH_PATHS = (
					"$(inherited)",
					"@executable_path/Frameworks",
				);
				MARKETING_VERSION = 1.0;
				PRODUCT_BUNDLE_IDENTIFIER = "com.glabstudio.SwiftUI-SecondApp";
				PRODUCT_NAME = "$(TARGET_NAME)";
				SWIFT_EMIT_LOC_STRINGS = YES;
				SWIFT_VERSION = 5.0;
				TARGETED_DEVICE_FAMILY = "1,2";
			};
			name = Release;
		};
/* End XCBuildConfiguration section */

/* Begin XCConfigurationList section */
		96FC633328E8D7B300C11070 /* Build configuration list for PBXProject "SwiftUI-SecondApp" */ = {
			isa = XCConfigurationList;
			buildConfigurations = (
				96FC634428E8D7BD00C11070 /* Debug */,
				96FC634528E8D7BD00C11070 /* Release */,
			);
			defaultConfigurationIsVisible = 0;
			defaultConfigurationName = Release;
		};
		96FC634628E8D7BD00C11070 /* Build configuration list for PBXNativeTarget "SwiftUI-SecondApp" */ = {
			isa = XCConfigurationList;
			buildConfigurations = (
				96FC634728E8D7BD00C11070 /* Debug */,
				96FC634828E8D7BD00C11070 /* Release */,
			);
			defaultConfigurationIsVisible = 0;
			defaultConfigurationName = Release;
		};
/* End XCConfigurationList section */
	};
	rootObject = 96FC633028E8D7B300C11070 /* Project object */;
}
